
Microsoft Visual Studio Solution File, Format Version 12.00
# Visual Studio Version 17
VisualStudioVersion = 17.8.34309.116
MinimumVisualStudioVersion = 10.0.40219.1
Project("{9A19103F-16F7-4668-BE54-9A1E7A4F7556}") = "BulkyWeb", "BulkyWeb\BulkyWeb.csproj", "{F90346B2-232A-4A50-8F9D-A17C797722D7}"
EndProject
Project("{FAE04EC0-301F-11D3-BF4B-00C04F79EFBC}") = "Bulky.DataAccess", "Bullky.DataAccess\Bulky.DataAccess.csproj", "{64FF61A7-52C2-4560-A191-54553C663705}"
EndProject
Project("{FAE04EC0-301F-11D3-BF4B-00C04F79EFBC}") = "Bulky.Models", "Bulky.Models\Bulky.Models.csproj", "{ADF87D01-4987-4C88-A916-79CEBC94D597}"
EndProject
Project("{FAE04EC0-301F-11D3-BF4B-00C04F79EFBC}") = "Bulky.Utility", "Bulky.Utility\Bulky.Utility.csproj", "{8A647099-E19C-4B60-B343-611E051CD36A}"
EndProject
Global
	GlobalSection(SolutionConfigurationPlatforms) = preSolution
		Debug|Any CPU = Debug|Any CPU
		Release|Any CPU = Release|Any CPU
	EndGlobalSection
	GlobalSection(ProjectConfigurationPlatforms) = postSolution
		{F90346B2-232A-4A50-8F9D-A17C797722D7}.Debug|Any CPU.ActiveCfg = Debug|Any CPU
		{F90346B2-232A-4A50-8F9D-A17C797722D7}.Debug|Any CPU.Build.0 = Debug|Any CPU
		{F90346B2-232A-4A50-8F9D-A17C797722D7}.Release|Any CPU.ActiveCfg = Release|Any CPU
		{F90346B2-232A-4A50-8F9D-A17C797722D7}.Release|Any CPU.Build.0 = Release|Any CPU
		{64FF61A7-52C2-4560-A191-54553C663705}.Debug|Any CPU.ActiveCfg = Debug|Any CPU
		{64FF61A7-52C2-4560-A191-54553C663705}.Debug|Any CPU.Build.0 = Debug|Any CPU
		{64FF61A7-52C2-4560-A191-54553C663705}.Release|Any CPU.ActiveCfg = Release|Any CPU
		{64FF61A7-52C2-4560-A191-54553C663705}.Release|Any CPU.Build.0 = Release|Any CPU
		{ADF87D01-4987-4C88-A916-79CEBC94D597}.Debug|Any CPU.ActiveCfg = Debug|Any CPU
		{ADF87D01-4987-4C88-A916-79CEBC94D597}.Debug|Any CPU.Build.0 = Debug|Any CPU
		{ADF87D01-4987-4C88-A916-79CEBC94D597}.Release|Any CPU.ActiveCfg = Release|Any CPU
		{ADF87D01-4987-4C88-A916-79CEBC94D597}.Release|Any CPU.Build.0 = Release|Any CPU
		{8A647099-E19C-4B60-B343-611E051CD36A}.Debug|Any CPU.ActiveCfg = Debug|Any CPU
		{8A647099-E19C-4B60-B343-611E051CD36A}.Debug|Any CPU.Build.0 = Debug|Any CPU
		{8A647099-E19C-4B60-B343-611E051CD36A}.Release|Any CPU.ActiveCfg = Release|Any CPU
		{8A647099-E19C-4B60-B343-611E051CD36A}.Release|Any CPU.Build.0 = Release|Any CPU
	EndGlobalSection
	GlobalSection(SolutionProperties) = preSolution
		HideSolutionNode = FALSE
	EndGlobalSection
	GlobalSection(ExtensibilityGlobals) = postSolution
		SolutionGuid = {02C97D4D-F9A6-4EBF-B30A-BFE7E4A1BCF4}
	EndGlobalSection
EndGlobal
